
Microsoft Visual Studio Solution File, Format Version 12.00
# Visual Studio Version 17
VisualStudioVersion = 17.8.34330.188
MinimumVisualStudioVersion = 10.0.40219.1
Project("{FAE04EC0-301F-11D3-BF4B-00C04F79EFBC}") = "Car Rental System", "Car Rental System\Car Rental System.csproj", "{CE013AAF-4451-4E0B-ABB2-F5CDF0BD50F8}"
EndProject
Global
	GlobalSection(SolutionConfigurationPlatforms) = preSolution
		Debug|Any CPU = Debug|Any CPU
		Release|Any CPU = Release|Any CPU
	EndGlobalSection
	GlobalSection(ProjectConfigurationPlatforms) = postSolution
		{CE013AAF-4451-4E0B-ABB2-F5CDF0BD50F8}.Debug|Any CPU.ActiveCfg = Debug|Any CPU
		{CE013AAF-4451-4E0B-ABB2-F5CDF0BD50F8}.Debug|Any CPU.Build.0 = Debug|Any CPU
		{CE013AAF-4451-4E0B-ABB2-F5CDF0BD50F8}.Release|Any CPU.ActiveCfg = Release|Any CPU
		{CE013AAF-4451-4E0B-ABB2-F5CDF0BD50F8}.Release|Any CPU.Build.0 = Release|Any CPU
	EndGlobalSection
	GlobalSection(SolutionProperties) = preSolution
		HideSolutionNode = FALSE
	EndGlobalSection
	GlobalSection(ExtensibilityGlobals) = postSolution
		SolutionGuid = {B879ECE3-0E08-4DC0-8688-33FA58ACDAD6}
	EndGlobalSection
EndGlobal
